
Microsoft Visual Studio Solution File, Format Version 12.00
# Visual Studio Version 17
VisualStudioVersion = 17.0.31903.59
MinimumVisualStudioVersion = 10.0.40219.1
Project("{FAE04EC0-301F-11D3-BF4B-00C04F79EFBC}") = "Api", "api\Api\Api.csproj", "{A155D10C-AE5A-492C-BD30-339C9170FA8F}"
EndProject
Project("{FAE04EC0-301F-11D3-BF4B-00C04F79EFBC}") = "Api.Tests", "api\Api.Tests\Api.Tests.csproj", "{BC5016C9-7BAB-4A30-811F-A01B6B28771F}"
EndProject
Project("{FAE04EC0-301F-11D3-BF4B-00C04F79EFBC}") = "Api.Combat", "api\Api.Combat\Api.Combat.csproj", "{3F8B2A41-6C5D-4E92-9A17-D0E4B1C87F63}"
EndProject
Project("{FAE04EC0-301F-11D3-BF4B-00C04F79EFBC}") = "Api.Combat.Tests", "api\Api.Combat.Tests\Api.Combat.Tests.csproj", "{7D24E9B0-1A3F-48C6-B5E8-2C9F0A6D4E15}"
EndProject
Project("{2150E333-8FDC-42A3-9474-1A3956D46DE8}") = "Solution Items", "Solution Items", "{589E5DD7-6EAE-4ED5-8F7A-0FF06116371B}"
	ProjectSection(SolutionItems) = preProject
		compose.yaml = compose.yaml
		DESIGN.md = DESIGN.md
		README.md = README.md
	EndProjectSection
EndProject
Project("{FAE04EC0-301F-11D3-BF4B-00C04F79EFBC}") = "Api.Content", "api\Api.Content\Api.Content.csproj", "{2E2BF1C5-ECDD-40B5-B29A-CBBF19D8B931}"
EndProject
Global
	GlobalSection(SolutionConfigurationPlatforms) = preSolution
		Debug|Any CPU = Debug|Any CPU
		Release|Any CPU = Release|Any CPU
	EndGlobalSection
	GlobalSection(SolutionProperties) = preSolution
		HideSolutionNode = FALSE
	EndGlobalSection
	GlobalSection(ProjectConfigurationPlatforms) = postSolution
		{A155D10C-AE5A-492C-BD30-339C9170FA8F}.Debug|Any CPU.ActiveCfg = Debug|Any CPU
		{A155D10C-AE5A-492C-BD30-339C9170FA8F}.Debug|Any CPU.Build.0 = Debug|Any CPU
		{A155D10C-AE5A-492C-BD30-339C9170FA8F}.Release|Any CPU.ActiveCfg = Release|Any CPU
		{A155D10C-AE5A-492C-BD30-339C9170FA8F}.Release|Any CPU.Build.0 = Release|Any CPU
		{BC5016C9-7BAB-4A30-811F-A01B6B28771F}.Debug|Any CPU.ActiveCfg = Debug|Any CPU
		{BC5016C9-7BAB-4A30-811F-A01B6B28771F}.Debug|Any CPU.Build.0 = Debug|Any CPU
		{BC5016C9-7BAB-4A30-811F-A01B6B28771F}.Release|Any CPU.ActiveCfg = Release|Any CPU
		{BC5016C9-7BAB-4A30-811F-A01B6B28771F}.Release|Any CPU.Build.0 = Release|Any CPU
		{3F8B2A41-6C5D-4E92-9A17-D0E4B1C87F63}.Debug|Any CPU.ActiveCfg = Debug|Any CPU
		{3F8B2A41-6C5D-4E92-9A17-D0E4B1C87F63}.Debug|Any CPU.Build.0 = Debug|Any CPU
		{3F8B2A41-6C5D-4E92-9A17-D0E4B1C87F63}.Release|Any CPU.ActiveCfg = Release|Any CPU
		{3F8B2A41-6C5D-4E92-9A17-D0E4B1C87F63}.Release|Any CPU.Build.0 = Release|Any CPU
		{7D24E9B0-1A3F-48C6-B5E8-2C9F0A6D4E15}.Debug|Any CPU.ActiveCfg = Debug|Any CPU
		{7D24E9B0-1A3F-48C6-B5E8-2C9F0A6D4E15}.Debug|Any CPU.Build.0 = Debug|Any CPU
		{7D24E9B0-1A3F-48C6-B5E8-2C9F0A6D4E15}.Release|Any CPU.ActiveCfg = Release|Any CPU
		{7D24E9B0-1A3F-48C6-B5E8-2C9F0A6D4E15}.Release|Any CPU.Build.0 = Release|Any CPU
		{2E2BF1C5-ECDD-40B5-B29A-CBBF19D8B931}.Debug|Any CPU.ActiveCfg = Debug|Any CPU
		{2E2BF1C5-ECDD-40B5-B29A-CBBF19D8B931}.Debug|Any CPU.Build.0 = Debug|Any CPU
		{2E2BF1C5-ECDD-40B5-B29A-CBBF19D8B931}.Release|Any CPU.ActiveCfg = Release|Any CPU
		{2E2BF1C5-ECDD-40B5-B29A-CBBF19D8B931}.Release|Any CPU.Build.0 = Release|Any CPU
	EndGlobalSection
EndGlobal
